{
  "nodes": {
    "crane": {
      "inputs": {
        "flake-compat": "flake-compat",
        "flake-utils": "flake-utils",
        "nixpkgs": "nixpkgs",
        "rust-overlay": "rust-overlay"
      },
      "locked": {
        "lastModified": 1676162383,
        "narHash": "sha256-krUCKdz7ebHlFYm/A7IbKDnj2ZmMMm3yIEQcooqm7+E=",
        "owner": "ipetkov",
        "repo": "crane",
        "rev": "6fb400ec631b22ccdbc7090b38207f7fb5cfb5f2",
        "type": "github"
      },
      "original": {
        "owner": "ipetkov",
        "repo": "crane",
        "type": "github"
      }
    },
    "darwin": {
      "inputs": {
        "nixpkgs": [
          "nixpkgs-unstable"
        ]
      },
      "locked": {
        "lastModified": 1673295039,
        "narHash": "sha256-AsdYgE8/GPwcelGgrntlijMg4t3hLFJFCRF3tL5WVjA=",
        "owner": "lnl7",
        "repo": "nix-darwin",
        "rev": "87b9d090ad39b25b2400029c64825fc2a8868943",
        "type": "github"
      },
      "original": {
        "owner": "lnl7",
        "ref": "master",
        "repo": "nix-darwin",
        "type": "github"
      }
    },
    "deploy-rs": {
      "inputs": {
        "flake-compat": "flake-compat_2",
        "nixpkgs": "nixpkgs_2",
        "utils": "utils"
      },
      "locked": {
        "lastModified": 1674127017,
        "narHash": "sha256-QO1xF7stu5ZMDLbHN30LFolMAwY6TVlzYvQoUs1RD68=",
        "owner": "Serokell",
        "repo": "deploy-rs",
        "rev": "8c9ea9605eed20528bf60fae35a2b613b901fd77",
        "type": "github"
      },
      "original": {
        "owner": "Serokell",
        "repo": "deploy-rs",
        "type": "github"
      }
    },
    "flake-compat": {
      "flake": false,
      "locked": {
        "lastModified": 1673956053,
        "narHash": "sha256-4gtG9iQuiKITOjNQQeQIpoIB6b16fm+504Ch3sNKLd8=",
        "owner": "edolstra",
        "repo": "flake-compat",
        "rev": "35bb57c0c8d8b62bbfd284272c928ceb64ddbde9",
        "type": "github"
      },
      "original": {
        "owner": "edolstra",
        "repo": "flake-compat",
        "type": "github"
      }
    },
    "flake-compat_2": {
      "flake": false,
      "locked": {
        "lastModified": 1668681692,
        "narHash": "sha256-Ht91NGdewz8IQLtWZ9LCeNXMSXHUss+9COoqu6JLmXU=",
        "owner": "edolstra",
        "repo": "flake-compat",
        "rev": "009399224d5e398d03b22badca40a37ac85412a1",
        "type": "github"
      },
      "original": {
        "owner": "edolstra",
        "repo": "flake-compat",
        "type": "github"
      }
    },
    "flake-utils": {
      "locked": {
        "lastModified": 1667395993,
        "narHash": "sha256-nuEHfE/LcWyuSWnS8t12N1wc105Qtau+/OdUAjtQ0rA=",
        "owner": "numtide",
        "repo": "flake-utils",
        "rev": "5aed5285a952e0b949eb3ba02c12fa4fcfef535f",
        "type": "github"
      },
      "original": {
        "owner": "numtide",
        "repo": "flake-utils",
        "type": "github"
      }
    },
    "flake-utils_2": {
      "locked": {
        "lastModified": 1667395993,
        "narHash": "sha256-nuEHfE/LcWyuSWnS8t12N1wc105Qtau+/OdUAjtQ0rA=",
        "owner": "numtide",
        "repo": "flake-utils",
        "rev": "5aed5285a952e0b949eb3ba02c12fa4fcfef535f",
        "type": "github"
      },
      "original": {
        "owner": "numtide",
        "repo": "flake-utils",
        "type": "github"
      }
    },
    "flake-utils_3": {
      "locked": {
        "lastModified": 1659877975,
        "narHash": "sha256-zllb8aq3YO3h8B/U0/J1WBgAL8EX5yWf5pMj3G0NAmc=",
        "owner": "numtide",
        "repo": "flake-utils",
        "rev": "c0e246b9b83f637f4681389ecabcb2681b4f3af0",
        "type": "github"
      },
      "original": {
        "owner": "numtide",
        "repo": "flake-utils",
        "type": "github"
      }
    },
    "flake-utils_4": {
      "locked": {
        "lastModified": 1659877975,
        "narHash": "sha256-zllb8aq3YO3h8B/U0/J1WBgAL8EX5yWf5pMj3G0NAmc=",
        "owner": "numtide",
        "repo": "flake-utils",
        "rev": "c0e246b9b83f637f4681389ecabcb2681b4f3af0",
        "type": "github"
      },
      "original": {
        "owner": "numtide",
        "repo": "flake-utils",
        "type": "github"
      }
    },
    "home-manager": {
      "inputs": {
        "nixpkgs": [
          "nixpkgs"
        ],
        "utils": "utils_2"
      },
      "locked": {
        "lastModified": 1670232440,
        "narHash": "sha256-bPTUa2Vn+DAhkgQHh+1YbD77Ahu+p7PgmyRkc/dInCU=",
        "owner": "natsukagami",
        "repo": "home-manager",
        "rev": "63099f1b21ec4a18c8ab616bcbe7ed4bcdb640da",
        "type": "github"
      },
      "original": {
        "owner": "natsukagami",
        "ref": "release-22.11",
        "repo": "home-manager",
        "type": "github"
      }
    },
    "kak-lsp": {
      "flake": false,
      "locked": {
        "lastModified": 1676243404,
        "narHash": "sha256-+A2xwH2O/y9qUjd1kAI+Nxiy6WX6zCmhbEX3Le8Lx4k=",
        "owner": "kak-lsp",
        "repo": "kak-lsp",
        "rev": "7d1195bb3e9a8e25b4bb761cf25d426c09548821",
        "type": "github"
      },
      "original": {
        "owner": "kak-lsp",
        "repo": "kak-lsp",
        "type": "github"
      }
    },
    "kakoune": {
      "flake": false,
      "locked": {
        "lastModified": 1675994192,
        "narHash": "sha256-YuoSUk2vjw/waGNRbSdqrCMBiUJWDMCa3iBsFjZCXtM=",
        "owner": "mawww",
        "repo": "kakoune",
        "rev": "3150e9b3cd8e61d9bc68245d67822614d4376cf4",
        "type": "github"
      },
      "original": {
        "owner": "mawww",
        "repo": "kakoune",
        "type": "github"
      }
    },
    "naersk": {
      "inputs": {
        "nixpkgs": [
          "rnix-lsp",
          "nixpkgs"
        ]
      },
      "locked": {
        "lastModified": 1655042882,
        "narHash": "sha256-9BX8Fuez5YJlN7cdPO63InoyBy7dm3VlJkkmTt6fS1A=",
        "owner": "nix-community",
        "repo": "naersk",
        "rev": "cddffb5aa211f50c4b8750adbec0bbbdfb26bb9f",
        "type": "github"
      },
      "original": {
        "owner": "nix-community",
        "repo": "naersk",
        "type": "github"
      }
    },
    "naersk_2": {
      "inputs": {
        "nixpkgs": [
          "youmubot",
          "nixpkgs"
        ]
      },
      "locked": {
        "lastModified": 1662220400,
        "narHash": "sha256-9o2OGQqu4xyLZP9K6kNe1pTHnyPz0Wr3raGYnr9AIgY=",
        "owner": "nix-community",
        "repo": "naersk",
        "rev": "6944160c19cb591eb85bbf9b2f2768a935623ed3",
        "type": "github"
      },
      "original": {
        "owner": "nix-community",
        "repo": "naersk",
        "type": "github"
      }
    },
    "nix-gaming": {
      "inputs": {
        "nixpkgs": "nixpkgs_3"
      },
      "locked": {
        "lastModified": 1676147016,
        "narHash": "sha256-yqweqPk/gMsT2d1GHdaEYomzs+Xyor4uDIAKw6/VeJs=",
        "owner": "fufexan",
        "repo": "nix-gaming",
        "rev": "3596f678f0b7b410981343eb9aa3d5850e4617be",
        "type": "github"
      },
      "original": {
        "owner": "fufexan",
        "repo": "nix-gaming",
        "type": "github"
      }
    },
    "nixos-m1": {
      "inputs": {
        "nixpkgs": [
          "nixpkgs"
        ],
        "rust-overlay": "rust-overlay_2"
      },
      "locked": {
        "lastModified": 1677216540,
        "narHash": "sha256-t7vsvKalN24LUrIABHk3OlzpXhrTfS40AdP6whv3C9I=",
        "owner": "tpwrules",
        "repo": "nixos-apple-silicon",
        "rev": "e79177006306ae592bc865b03667af4229620461",
        "type": "github"
      },
      "original": {
        "owner": "tpwrules",
        "repo": "nixos-apple-silicon",
        "type": "github"
      }
    },
    "nixpkgs": {
      "locked": {
        "lastModified": 1677262115,
        "narHash": "sha256-DPkHiJw2QnKYAzQXBlwelwghxbcD5oigK2kLPHMpMQ8=",
        "owner": "NixOS",
        "repo": "nixpkgs",
        "rev": "806075be2bdde71895359ed18cb530c4d323e6f6",
        "type": "github"
      },
      "original": {
        "owner": "NixOS",
        "ref": "nixpkgs-unstable",
        "repo": "nixpkgs",
        "type": "github"
      }
    },
    "nixpkgs-mozilla": {
      "flake": false,
      "locked": {
        "lastModified": 1664789696,
        "narHash": "sha256-UGWJHQShiwLCr4/DysMVFrYdYYHcOqAOVsWNUu+l6YU=",
        "owner": "mozilla",
        "repo": "nixpkgs-mozilla",
        "rev": "80627b282705101e7b38e19ca6e8df105031b072",
        "type": "github"
      },
      "original": {
        "owner": "mozilla",
        "repo": "nixpkgs-mozilla",
        "type": "github"
      }
    },
    "nixpkgs-unstable": {
      "locked": {
        "lastModified": 1676060830,
        "narHash": "sha256-OZJKL08qbLW2xMPNPTgidbC25MrkllUonoFs/JOX4y8=",
        "owner": "nixos",
        "repo": "nixpkgs",
        "rev": "9943fcc75d4e43c3116b408b0f93e682927ffbb4",
        "type": "github"
      },
      "original": {
        "owner": "nixos",
        "ref": "nixpkgs-unstable",
        "repo": "nixpkgs",
        "type": "github"
      }
    },
    "nixpkgs-unstable_2": {
      "locked": {
        "lastModified": 1665934222,
        "narHash": "sha256-EIPSpN/LMWcKO56KnCF9xJzIOeNU5bJ83ziSgd8I54Y=",
        "owner": "nixos",
        "repo": "nixpkgs",
        "rev": "1087d09dfbf82e086a54390b09b353365aaf8658",
        "type": "github"
      },
      "original": {
        "owner": "nixos",
        "repo": "nixpkgs",
        "type": "github"
      }
    },
    "nixpkgs_2": {
      "locked": {
        "lastModified": 1671417167,
        "narHash": "sha256-JkHam6WQOwZN1t2C2sbp1TqMv3TVRjzrdoejqfefwrM=",
        "owner": "NixOS",
        "repo": "nixpkgs",
        "rev": "bb31220cca6d044baa6dc2715b07497a2a7c4bc7",
        "type": "github"
      },
      "original": {
        "owner": "NixOS",
        "ref": "nixpkgs-unstable",
        "repo": "nixpkgs",
        "type": "github"
      }
    },
    "nixpkgs_3": {
      "locked": {
        "lastModified": 1675614288,
        "narHash": "sha256-i3Rc/ENnz62BcrSloeVmAyPicEh4WsrEEYR+INs9TYw=",
        "owner": "NixOS",
        "repo": "nixpkgs",
        "rev": "d25de6654a34d99dceb02e71e6db516b3b545be6",
        "type": "github"
      },
      "original": {
        "owner": "NixOS",
        "ref": "nixpkgs-unstable",
        "repo": "nixpkgs",
        "type": "github"
      }
    },
    "nixpkgs_4": {
      "locked": {
        "lastModified": 1677179781,
        "narHash": "sha256-+peLp16ruWLuTFHo0ZUbLlS1/meS/+RsWQQ9bUAzOh8=",
        "owner": "nixos",
        "repo": "nixpkgs",
        "rev": "50c23cd4ff6c8344e0b4d438b027b3afabfe58dd",
        "type": "github"
      },
      "original": {
        "owner": "nixos",
        "ref": "nixos-22.11",
        "repo": "nixpkgs",
        "type": "github"
      }
    },
    "nixpkgs_5": {
      "locked": {
        "lastModified": 1656753965,
        "narHash": "sha256-BCrB3l0qpJokOnIVc3g2lHiGhnjUi0MoXiw6t1o8H1E=",
        "owner": "nixos",
        "repo": "nixpkgs",
        "rev": "0ea7a8f1b939d74e5df8af9a8f7342097cdf69eb",
        "type": "github"
      },
      "original": {
        "owner": "nixos",
        "ref": "nixos-unstable",
        "repo": "nixpkgs",
        "type": "github"
      }
    },
    "nur": {
      "locked": {
        "lastModified": 1676281484,
        "narHash": "sha256-dWZXiud69G6LwzpFCaKFD4wpKarTRYY3605rLN9fw50=",
        "owner": "nix-community",
        "repo": "NUR",
        "rev": "d44ab24d70b4e0080630730c42793fdff8ea0ace",
        "type": "github"
      },
      "original": {
        "owner": "nix-community",
        "repo": "NUR",
        "type": "github"
      }
    },
    "rnix-lsp": {
      "inputs": {
        "naersk": "naersk",
        "nixpkgs": "nixpkgs_5",
        "utils": "utils_3"
      },
      "locked": {
        "lastModified": 1669555118,
        "narHash": "sha256-F0s0m62S5bHNVWNHLZD6SeHiLrsDx98VQbRjDyIu+qQ=",
        "owner": "nix-community",
        "repo": "rnix-lsp",
        "rev": "95d40673fe43642e2e1144341e86d0036abd95d9",
        "type": "github"
      },
      "original": {
        "owner": "nix-community",
        "repo": "rnix-lsp",
        "type": "github"
      }
    },
    "root": {
      "inputs": {
        "crane": "crane",
        "darwin": "darwin",
        "deploy-rs": "deploy-rs",
        "flake-utils": "flake-utils_2",
        "home-manager": "home-manager",
        "kak-lsp": "kak-lsp",
        "kakoune": "kakoune",
        "nix-gaming": "nix-gaming",
        "nixos-m1": "nixos-m1",
        "nixpkgs": "nixpkgs_4",
        "nixpkgs-unstable": "nixpkgs-unstable",
        "nur": "nur",
        "rnix-lsp": "rnix-lsp",
        "secrets": "secrets",
        "sops-nix": "sops-nix",
        "youmubot": "youmubot"
      }
    },
    "rust-overlay": {
      "inputs": {
        "flake-utils": [
          "crane",
          "flake-utils"
        ],
        "nixpkgs": [
          "crane",
          "nixpkgs"
        ]
      },
      "locked": {
        "lastModified": 1675391458,
        "narHash": "sha256-ukDKZw922BnK5ohL9LhwtaDAdCsJL7L6ScNEyF1lO9w=",
        "owner": "oxalica",
        "repo": "rust-overlay",
        "rev": "383a4acfd11d778d5c2efcf28376cbd845eeaedf",
        "type": "github"
      },
      "original": {
        "owner": "oxalica",
        "repo": "rust-overlay",
        "type": "github"
      }
    },
    "rust-overlay_2": {
      "flake": false,
      "locked": {
        "lastModified": 1677292251,
        "narHash": "sha256-D+6q5Z2MQn3UFJtqsM5/AvVHi3NXKZTIMZt1JGq/spA=",
        "owner": "oxalica",
        "repo": "rust-overlay",
        "rev": "34cdbf6ad480ce13a6a526f57d8b9e609f3d65dc",
        "type": "github"
      },
      "original": {
        "owner": "oxalica",
        "repo": "rust-overlay",
        "type": "github"
      }
    },
    "secrets": {
      "inputs": {
        "flake-utils": "flake-utils_3"
      },
      "locked": {
        "lastModified": 1669915544,
        "narHash": "sha256-wByoZ+HWXo7L9QyUefMhe26IUUeFGtffG6v/AL31neo=",
        "ref": "refs/heads/master",
        "rev": "9142ca82ec1e9a6e1314d2727cdc15db30c94c14",
        "revCount": 4,
        "type": "git",
        "url": "ssh://git@github.com/natsukagami/nix-deploy-secrets"
      },
      "original": {
        "type": "git",
        "url": "ssh://git@github.com/natsukagami/nix-deploy-secrets"
      }
    },
    "sops-nix": {
      "inputs": {
        "nixpkgs": [
          "nixpkgs-unstable"
        ],
        "nixpkgs-stable": [
          "nixpkgs"
        ]
      },
      "locked": {
        "lastModified": 1676171095,
        "narHash": "sha256-2laeSjBAAJ9e/C3uTIPb287iX8qeVLtWiilw1uxqG+A=",
        "owner": "Mic92",
        "repo": "sops-nix",
        "rev": "c5dab21d8706afc7ceb05c23d4244dcb48d6aade",
        "type": "github"
      },
      "original": {
        "owner": "Mic92",
        "repo": "sops-nix",
        "type": "github"
      }
    },
    "utils": {
      "locked": {
        "lastModified": 1667395993,
        "narHash": "sha256-nuEHfE/LcWyuSWnS8t12N1wc105Qtau+/OdUAjtQ0rA=",
        "owner": "numtide",
        "repo": "flake-utils",
        "rev": "5aed5285a952e0b949eb3ba02c12fa4fcfef535f",
        "type": "github"
      },
      "original": {
        "owner": "numtide",
        "repo": "flake-utils",
        "type": "github"
      }
    },
    "utils_2": {
      "locked": {
        "lastModified": 1667395993,
        "narHash": "sha256-nuEHfE/LcWyuSWnS8t12N1wc105Qtau+/OdUAjtQ0rA=",
        "owner": "numtide",
        "repo": "flake-utils",
        "rev": "5aed5285a952e0b949eb3ba02c12fa4fcfef535f",
        "type": "github"
      },
      "original": {
        "owner": "numtide",
        "repo": "flake-utils",
        "type": "github"
      }
    },
    "utils_3": {
      "locked": {
        "lastModified": 1656928814,
        "narHash": "sha256-RIFfgBuKz6Hp89yRr7+NR5tzIAbn52h8vT6vXkYjZoM=",
        "owner": "numtide",
        "repo": "flake-utils",
        "rev": "7e2a3b3dfd9af950a856d66b0a7d01e3c18aa249",
        "type": "github"
      },
      "original": {
        "owner": "numtide",
        "repo": "flake-utils",
        "type": "github"
      }
    },
    "youmubot": {
      "inputs": {
        "flake-utils": "flake-utils_4",
        "naersk": "naersk_2",
        "nixpkgs": [
          "nixpkgs"
        ],
        "nixpkgs-mozilla": "nixpkgs-mozilla",
        "nixpkgs-unstable": "nixpkgs-unstable_2"
      },
      "locked": {
        "lastModified": 1676639986,
        "narHash": "sha256-MF17tKyZrKG3O9i1cEI06teOPGnBl6y1vIBrYduCQ3g=",
        "owner": "natsukagami",
        "repo": "youmubot",
        "rev": "3a9a252a1d0a4d26f288f0655eac125933df9f69",
        "type": "github"
      },
      "original": {
        "owner": "natsukagami",
        "repo": "youmubot",
        "type": "github"
      }
    }
  },
  "root": "root",
  "version": 7
}
